// !$*UTF8*$!
{
	archiveVersion = 1;
	classes = {
	};
	objectVersion = 46;
	objects = {

/* Begin PBXBuildFile section */
		45F5F4731C057454002D26F7 /* Grammar.cpp in Sources */ = {isa = PBXBuildFile; fileRef = 45F5F4721C057454002D26F7 /* Grammar.cpp */; };
		45F7A8531BFD120500EEF6B7 /* main.cpp in Sources */ = {isa = PBXBuildFile; fileRef = 45F7A8521BFD120500EEF6B7 /* main.cpp */; };
		45F7A85B1BFD123E00EEF6B7 /* FirstFollowGenerator.cpp in Sources */ = {isa = PBXBuildFile; fileRef = 45F7A8591BFD123E00EEF6B7 /* FirstFollowGenerator.cpp */; };
/* End PBXBuildFile section */

/* Begin PBXCopyFilesBuildPhase section */
		45F7A84D1BFD120500EEF6B7 /* CopyFiles */ = {
			isa = PBXCopyFilesBuildPhase;
			buildActionMask = 2147483647;
			dstPath = /usr/share/man/man1/;
			dstSubfolderSpec = 0;
			files = (
			);
			runOnlyForDeploymentPostprocessing = 1;
		};
/* End PBXCopyFilesBuildPhase section */

/* Begin PBXFileReference section */
		45F5F4561C057220002D26F7 /* Grammar.h */ = {isa = PBXFileReference; fileEncoding = 4; lastKnownFileType = sourcecode.c.h; path = Grammar.h; sourceTree = "<group>"; };
		45F5F4721C057454002D26F7 /* Grammar.cpp */ = {isa = PBXFileReference; fileEncoding = 4; lastKnownFileType = sourcecode.cpp.cpp; path = Grammar.cpp; sourceTree = "<group>"; };
		45F7A84F1BFD120500EEF6B7 /* FirstFollowsGenerator */ = {isa = PBXFileReference; explicitFileType = "compiled.mach-o.executable"; includeInIndex = 0; path = FirstFollowsGenerator; sourceTree = BUILT_PRODUCTS_DIR; };
		45F7A8521BFD120500EEF6B7 /* main.cpp */ = {isa = PBXFileReference; lastKnownFileType = sourcecode.cpp.cpp; path = main.cpp; sourceTree = "<group>"; };
		45F7A8591BFD123E00EEF6B7 /* FirstFollowGenerator.cpp */ = {isa = PBXFileReference; fileEncoding = 4; lastKnownFileType = sourcecode.cpp.cpp; path = FirstFollowGenerator.cpp; sourceTree = "<group>"; };
		45F7A85A1BFD123E00EEF6B7 /* FirstFollowGenerator.h */ = {isa = PBXFileReference; fileEncoding = 4; lastKnownFileType = sourcecode.c.h; path = FirstFollowGenerator.h; sourceTree = "<group>"; };
/* End PBXFileReference section */

/* Begin PBXFrameworksBuildPhase section */
		45F7A84C1BFD120500EEF6B7 /* Frameworks */ = {
			isa = PBXFrameworksBuildPhase;
			buildActionMask = 2147483647;
			files = (
			);
			runOnlyForDeploymentPostprocessing = 0;
		};
/* End PBXFrameworksBuildPhase section */

/* Begin PBXGroup section */
		45F7A8461BFD120500EEF6B7 = {
			isa = PBXGroup;
			children = (
				45F7A8511BFD120500EEF6B7 /* FirstFollowsGenerator */,
				45F7A8501BFD120500EEF6B7 /* Products */,
			);
			sourceTree = "<group>";
		};
		45F7A8501BFD120500EEF6B7 /* Products */ = {
			isa = PBXGroup;
			children = (
				45F7A84F1BFD120500EEF6B7 /* FirstFollowsGenerator */,
			);
			name = Products;
			sourceTree = "<group>";
		};
		45F7A8511BFD120500EEF6B7 /* FirstFollowsGenerator */ = {
			isa = PBXGroup;
			children = (
				45F7A8521BFD120500EEF6B7 /* main.cpp */,
				45F7A8591BFD123E00EEF6B7 /* FirstFollowGenerator.cpp */,
				45F7A85A1BFD123E00EEF6B7 /* FirstFollowGenerator.h */,
				45F5F4561C057220002D26F7 /* Grammar.h */,
				45F5F4721C057454002D26F7 /* Grammar.cpp */,
			);
			path = FirstFollowsGenerator;
			sourceTree = "<group>";
		};
/* End PBXGroup section */

/* Begin PBXNativeTarget section */
		45F7A84E1BFD120500EEF6B7 /* FirstFollowsGenerator */ = {
			isa = PBXNativeTarget;
			buildConfigurationList = 45F7A8561BFD120500EEF6B7 /* Build configuration list for PBXNativeTarget "FirstFollowsGenerator" */;
			buildPhases = (
				45F7A84B1BFD120500EEF6B7 /* Sources */,
				45F7A84C1BFD120500EEF6B7 /* Frameworks */,
				45F7A84D1BFD120500EEF6B7 /* CopyFiles */,
			);
			buildRules = (
			);
			dependencies = (
			);
			name = FirstFollowsGenerator;
			productName = FirstFollowsGenerator;
			productReference = 45F7A84F1BFD120500EEF6B7 /* FirstFollowsGenerator */;
			productType = "com.apple.product-type.tool";
		};
/* End PBXNativeTarget section */

/* Begin PBXProject section */
		45F7A8471BFD120500EEF6B7 /* Project object */ = {
			isa = PBXProject;
			attributes = {
				LastUpgradeCheck = 0640;
				ORGANIZATIONNAME = Matt;
				TargetAttributes = {
					45F7A84E1BFD120500EEF6B7 = {
						CreatedOnToolsVersion = 6.4;
					};
				};
			};
			buildConfigurationList = 45F7A84A1BFD120500EEF6B7 /* Build configuration list for PBXProject "FirstFollowsGenerator" */;
			compatibilityVersion = "Xcode 3.2";
			developmentRegion = English;
			hasScannedForEncodings = 0;
			knownRegions = (
				en,
			);
			mainGroup = 45F7A8461BFD120500EEF6B7;
			productRefGroup = 45F7A8501BFD120500EEF6B7 /* Products */;
			projectDirPath = "";
			projectRoot = "";
			targets = (
				45F7A84E1BFD120500EEF6B7 /* FirstFollowsGenerator */,
			);
		};
/* End PBXProject section */

/* Begin PBXSourcesBuildPhase section */
		45F7A84B1BFD120500EEF6B7 /* Sources */ = {
			isa = PBXSourcesBuildPhase;
			buildActionMask = 2147483647;
			files = (
				45F5F4731C057454002D26F7 /* Grammar.cpp in Sources */,
				45F7A8531BFD120500EEF6B7 /* main.cpp in Sources */,
				45F7A85B1BFD123E00EEF6B7 /* FirstFollowGenerator.cpp in Sources */,
			);
			runOnlyForDeploymentPostprocessing = 0;
		};
/* End PBXSourcesBuildPhase section */

/* Begin XCBuildConfiguration section */
		45F7A8541BFD120500EEF6B7 /* Debug */ = {
			isa = XCBuildConfiguration;
			buildSettings = {
				ALWAYS_SEARCH_USER_PATHS = NO;
				CLANG_CXX_LANGUAGE_STANDARD = "gnu++0x";
				CLANG_CXX_LIBRARY = "libc++";
				CLANG_ENABLE_MODULES = YES;
				CLANG_ENABLE_OBJC_ARC = YES;
				CLANG_WARN_BOOL_CONVERSION = YES;
				CLANG_WARN_CONSTANT_CONVERSION = YES;
				CLANG_WARN_DIRECT_OBJC_ISA_USAGE = YES_ERROR;
				CLANG_WARN_EMPTY_BODY = YES;
				CLANG_WARN_ENUM_CONVERSION = YES;
				CLANG_WARN_INT_CONVERSION = YES;
				CLANG_WARN_OBJC_ROOT_CLASS = YES_ERROR;
				CLANG_WARN_UNREACHABLE_CODE = YES;
				CLANG_WARN__DUPLICATE_METHOD_MATCH = YES;
				COPY_PHASE_STRIP = NO;
				DEBUG_INFORMATION_FORMAT = dwarf;
				ENABLE_STRICT_OBJC_MSGSEND = YES;
				GCC_C_LANGUAGE_STANDARD = gnu99;
				GCC_DYNAMIC_NO_PIC = NO;
				GCC_NO_COMMON_BLOCKS = YES;
				GCC_OPTIMIZATION_LEVEL = 0;
				GCC_PREPROCESSOR_DEFINITIONS = (
					"DEBUG=1",
					"$(inherited)",
				);
				GCC_SYMBOLS_PRIVATE_EXTERN = NO;
				GCC_WARN_64_TO_32_BIT_CONVERSION = YES;
				GCC_WARN_ABOUT_RETURN_TYPE = YES_ERROR;
				GCC_WARN_UNDECLARED_SELECTOR = YES;
				GCC_WARN_UNINITIALIZED_AUTOS = YES_AGGRESSIVE;
				GCC_WARN_UNUSED_FUNCTION = YES;
				GCC_WARN_UNUSED_VARIABLE = YES;
				MACOSX_DEPLOYMENT_TARGET = 10.10;
				MTL_ENABLE_DEBUG_INFO = YES;
				ONLY_ACTIVE_ARCH = YES;
				SDKROOT = macosx;
			};
			name = Debug;
		};
		45F7A8551BFD120500EEF6B7 /* Release */ = {
			isa = XCBuildConfiguration;
			buildSettings = {
				ALWAYS_SEARCH_USER_PATHS = NO;
				CLANG_CXX_LANGUAGE_STANDARD = "gnu++0x";
				CLANG_CXX_LIBRARY = "libc++";
				CLANG_ENABLE_MODULES = YES;
				CLANG_ENABLE_OBJC_ARC = YES;
				CLANG_WARN_BOOL_CONVERSION = YES;
				CLANG_WARN_CONSTANT_CONVERSION = YES;
				CLANG_WARN_DIRECT_OBJC_ISA_USAGE = YES_ERROR;
				CLANG_WARN_EMPTY_BODY = YES;
				CLANG_WARN_ENUM_CONVERSION = YES;
				CLANG_WARN_INT_CONVERSION = YES;
				CLANG_WARN_OBJC_ROOT_CLASS = YES_ERROR;
				CLANG_WARN_UNREACHABLE_CODE = YES;
				CLANG_WARN__DUPLICATE_METHOD_MATCH = YES;
				COPY_PHASE_STRIP = NO;
				DEBUG_INFORMATION_FORMAT = "dwarf-with-dsym";
				ENABLE_NS_ASSERTIONS = NO;
				ENABLE_STRICT_OBJC_MSGSEND = YES;
				GCC_C_LANGUAGE_STANDARD = gnu99;
				GCC_NO_COMMON_BLOCKS = YES;
				GCC_WARN_64_TO_32_BIT_CONVERSION = YES;
				GCC_WARN_ABOUT_RETURN_TYPE = YES_ERROR;
				GCC_WARN_UNDECLARED_SELECTOR = YES;
				GCC_WARN_UNINITIALIZED_AUTOS = YES_AGGRESSIVE;
				GCC_WARN_UNUSED_FUNCTION = YES;
				GCC_WARN_UNUSED_VARIABLE = YES;
				MACOSX_DEPLOYMENT_TARGET = 10.10;
				MTL_ENABLE_DEBUG_INFO = NO;
				SDKROOT = macosx;
			};
			name = Release;
		};
		45F7A8571BFD120500EEF6B7 /* Debug */ = {
			isa = XCBuildConfiguration;
			buildSettings = {
				PRODUCT_NAME = "$(TARGET_NAME)";
			};
			name = Debug;
		};
		45F7A8581BFD120500EEF6B7 /* Release */ = {
			isa = XCBuildConfiguration;
			buildSettings = {
				PRODUCT_NAME = "$(TARGET_NAME)";
			};
			name = Release;
		};
/* End XCBuildConfiguration section */

/* Begin XCConfigurationList section */
		45F7A84A1BFD120500EEF6B7 /* Build configuration list for PBXProject "FirstFollowsGenerator" */ = {
			isa = XCConfigurationList;
			buildConfigurations = (
				45F7A8541BFD120500EEF6B7 /* Debug */,
				45F7A8551BFD120500EEF6B7 /* Release */,
			);
			defaultConfigurationIsVisible = 0;
			defaultConfigurationName = Release;
		};
		45F7A8561BFD120500EEF6B7 /* Build configuration list for PBXNativeTarget "FirstFollowsGenerator" */ = {
			isa = XCConfigurationList;
			buildConfigurations = (
				45F7A8571BFD120500EEF6B7 /* Debug */,
				45F7A8581BFD120500EEF6B7 /* Release */,
			);
			defaultConfigurationIsVisible = 0;
			defaultConfigurationName = Release;
		};
/* End XCConfigurationList section */
	};
	rootObject = 45F7A8471BFD120500EEF6B7 /* Project object */;
}
