// !$*UTF8*$!
{
	archiveVersion = 1;
	classes = {
	};
	objectVersion = 46;
	objects = {

/* Begin PBXBuildFile section */
		45F5F4641C0572FD002D26F7 /* main.cpp in Sources */ = {isa = PBXBuildFile; fileRef = 45F5F4631C0572FD002D26F7 /* main.cpp */; };
		45F5F46D1C057315002D26F7 /* LexicalAnalyzer.cpp in Sources */ = {isa = PBXBuildFile; fileRef = 45F5F46A1C057315002D26F7 /* LexicalAnalyzer.cpp */; };
		45F5F4711C057324002D26F7 /* FirstFollowGenerator.cpp in Sources */ = {isa = PBXBuildFile; fileRef = 45F5F46E1C057324002D26F7 /* FirstFollowGenerator.cpp */; };
		45F5F4751C057E9A002D26F7 /* Grammar.cpp in Sources */ = {isa = PBXBuildFile; fileRef = 45F5F4741C057E9A002D26F7 /* Grammar.cpp */; };
/* End PBXBuildFile section */

/* Begin PBXCopyFilesBuildPhase section */
		45F5F45E1C0572FD002D26F7 /* CopyFiles */ = {
			isa = PBXCopyFilesBuildPhase;
			buildActionMask = 2147483647;
			dstPath = /usr/share/man/man1/;
			dstSubfolderSpec = 0;
			files = (
			);
			runOnlyForDeploymentPostprocessing = 1;
		};
/* End PBXCopyFilesBuildPhase section */

/* Begin PBXFileReference section */
		45F5F4601C0572FD002D26F7 /* Project 2 */ = {isa = PBXFileReference; explicitFileType = "compiled.mach-o.executable"; includeInIndex = 0; path = "Project 2"; sourceTree = BUILT_PRODUCTS_DIR; };
		45F5F4631C0572FD002D26F7 /* main.cpp */ = {isa = PBXFileReference; lastKnownFileType = sourcecode.cpp.cpp; path = main.cpp; sourceTree = "<group>"; };
		45F5F46A1C057315002D26F7 /* LexicalAnalyzer.cpp */ = {isa = PBXFileReference; fileEncoding = 4; lastKnownFileType = sourcecode.cpp.cpp; path = LexicalAnalyzer.cpp; sourceTree = "<group>"; };
		45F5F46B1C057315002D26F7 /* LexicalAnalyzer.h */ = {isa = PBXFileReference; fileEncoding = 4; lastKnownFileType = sourcecode.c.h; path = LexicalAnalyzer.h; sourceTree = "<group>"; };
		45F5F46E1C057324002D26F7 /* FirstFollowGenerator.cpp */ = {isa = PBXFileReference; fileEncoding = 4; lastKnownFileType = sourcecode.cpp.cpp; path = FirstFollowGenerator.cpp; sourceTree = "<group>"; };
		45F5F46F1C057324002D26F7 /* FirstFollowGenerator.h */ = {isa = PBXFileReference; fileEncoding = 4; lastKnownFileType = sourcecode.c.h; path = FirstFollowGenerator.h; sourceTree = "<group>"; };
		45F5F4701C057324002D26F7 /* Grammar.h */ = {isa = PBXFileReference; fileEncoding = 4; lastKnownFileType = sourcecode.c.h; path = Grammar.h; sourceTree = "<group>"; };
		45F5F4741C057E9A002D26F7 /* Grammar.cpp */ = {isa = PBXFileReference; fileEncoding = 4; lastKnownFileType = sourcecode.cpp.cpp; path = Grammar.cpp; sourceTree = "<group>"; };
		45F5F4761C058E4E002D26F7 /* SyntacticAnalyzer.h */ = {isa = PBXFileReference; fileEncoding = 4; lastKnownFileType = sourcecode.c.h; path = SyntacticAnalyzer.h; sourceTree = "<group>"; };
/* End PBXFileReference section */

/* Begin PBXFrameworksBuildPhase section */
		45F5F45D1C0572FD002D26F7 /* Frameworks */ = {
			isa = PBXFrameworksBuildPhase;
			buildActionMask = 2147483647;
			files = (
			);
			runOnlyForDeploymentPostprocessing = 0;
		};
/* End PBXFrameworksBuildPhase section */

/* Begin PBXGroup section */
		45F5F4571C0572FD002D26F7 = {
			isa = PBXGroup;
			children = (
				45F5F4621C0572FD002D26F7 /* Project 2 */,
				45F5F4611C0572FD002D26F7 /* Products */,
			);
			sourceTree = "<group>";
		};
		45F5F4611C0572FD002D26F7 /* Products */ = {
			isa = PBXGroup;
			children = (
				45F5F4601C0572FD002D26F7 /* Project 2 */,
			);
			name = Products;
			sourceTree = "<group>";
		};
		45F5F4621C0572FD002D26F7 /* Project 2 */ = {
			isa = PBXGroup;
			children = (
				45F5F4631C0572FD002D26F7 /* main.cpp */,
				45F5F4701C057324002D26F7 /* Grammar.h */,
				45F5F4741C057E9A002D26F7 /* Grammar.cpp */,
				45F5F46E1C057324002D26F7 /* FirstFollowGenerator.cpp */,
				45F5F46F1C057324002D26F7 /* FirstFollowGenerator.h */,
				45F5F46A1C057315002D26F7 /* LexicalAnalyzer.cpp */,
				45F5F46B1C057315002D26F7 /* LexicalAnalyzer.h */,
				45F5F4761C058E4E002D26F7 /* SyntacticAnalyzer.h */,
			);
			path = "Project 2";
			sourceTree = "<group>";
		};
/* End PBXGroup section */

/* Begin PBXNativeTarget section */
		45F5F45F1C0572FD002D26F7 /* Project 2 */ = {
			isa = PBXNativeTarget;
			buildConfigurationList = 45F5F4671C0572FD002D26F7 /* Build configuration list for PBXNativeTarget "Project 2" */;
			buildPhases = (
				45F5F45C1C0572FD002D26F7 /* Sources */,
				45F5F45D1C0572FD002D26F7 /* Frameworks */,
				45F5F45E1C0572FD002D26F7 /* CopyFiles */,
			);
			buildRules = (
			);
			dependencies = (
			);
			name = "Project 2";
			productName = "Project 2";
			productReference = 45F5F4601C0572FD002D26F7 /* Project 2 */;
			productType = "com.apple.product-type.tool";
		};
/* End PBXNativeTarget section */

/* Begin PBXProject section */
		45F5F4581C0572FD002D26F7 /* Project object */ = {
			isa = PBXProject;
			attributes = {
				LastUpgradeCheck = 0640;
				ORGANIZATIONNAME = Matt;
				TargetAttributes = {
					45F5F45F1C0572FD002D26F7 = {
						CreatedOnToolsVersion = 6.4;
					};
				};
			};
			buildConfigurationList = 45F5F45B1C0572FD002D26F7 /* Build configuration list for PBXProject "Project 2" */;
			compatibilityVersion = "Xcode 3.2";
			developmentRegion = English;
			hasScannedForEncodings = 0;
			knownRegions = (
				en,
			);
			mainGroup = 45F5F4571C0572FD002D26F7;
			productRefGroup = 45F5F4611C0572FD002D26F7 /* Products */;
			projectDirPath = "";
			projectRoot = "";
			targets = (
				45F5F45F1C0572FD002D26F7 /* Project 2 */,
			);
		};
/* End PBXProject section */

/* Begin PBXSourcesBuildPhase section */
		45F5F45C1C0572FD002D26F7 /* Sources */ = {
			isa = PBXSourcesBuildPhase;
			buildActionMask = 2147483647;
			files = (
				45F5F46D1C057315002D26F7 /* LexicalAnalyzer.cpp in Sources */,
				45F5F4711C057324002D26F7 /* FirstFollowGenerator.cpp in Sources */,
				45F5F4641C0572FD002D26F7 /* main.cpp in Sources */,
				45F5F4751C057E9A002D26F7 /* Grammar.cpp in Sources */,
			);
			runOnlyForDeploymentPostprocessing = 0;
		};
/* End PBXSourcesBuildPhase section */

/* Begin XCBuildConfiguration section */
		45F5F4651C0572FD002D26F7 /* Debug */ = {
			isa = XCBuildConfiguration;
			buildSettings = {
				ALWAYS_SEARCH_USER_PATHS = NO;
				CLANG_CXX_LANGUAGE_STANDARD = "gnu++0x";
				CLANG_CXX_LIBRARY = "libc++";
				CLANG_ENABLE_MODULES = YES;
				CLANG_ENABLE_OBJC_ARC = YES;
				CLANG_WARN_BOOL_CONVERSION = YES;
				CLANG_WARN_CONSTANT_CONVERSION = YES;
				CLANG_WARN_DIRECT_OBJC_ISA_USAGE = YES_ERROR;
				CLANG_WARN_EMPTY_BODY = YES;
				CLANG_WARN_ENUM_CONVERSION = YES;
				CLANG_WARN_INT_CONVERSION = YES;
				CLANG_WARN_OBJC_ROOT_CLASS = YES_ERROR;
				CLANG_WARN_UNREACHABLE_CODE = YES;
				CLANG_WARN__DUPLICATE_METHOD_MATCH = YES;
				COPY_PHASE_STRIP = NO;
				DEBUG_INFORMATION_FORMAT = dwarf;
				ENABLE_STRICT_OBJC_MSGSEND = YES;
				GCC_C_LANGUAGE_STANDARD = gnu99;
				GCC_DYNAMIC_NO_PIC = NO;
				GCC_NO_COMMON_BLOCKS = YES;
				GCC_OPTIMIZATION_LEVEL = 0;
				GCC_PREPROCESSOR_DEFINITIONS = (
					"DEBUG=1",
					"$(inherited)",
				);
				GCC_SYMBOLS_PRIVATE_EXTERN = NO;
				GCC_WARN_64_TO_32_BIT_CONVERSION = YES;
				GCC_WARN_ABOUT_RETURN_TYPE = YES_ERROR;
				GCC_WARN_UNDECLARED_SELECTOR = YES;
				GCC_WARN_UNINITIALIZED_AUTOS = YES_AGGRESSIVE;
				GCC_WARN_UNUSED_FUNCTION = YES;
				GCC_WARN_UNUSED_VARIABLE = YES;
				MACOSX_DEPLOYMENT_TARGET = 10.10;
				MTL_ENABLE_DEBUG_INFO = YES;
				ONLY_ACTIVE_ARCH = YES;
				SDKROOT = macosx;
			};
			name = Debug;
		};
		45F5F4661C0572FD002D26F7 /* Release */ = {
			isa = XCBuildConfiguration;
			buildSettings = {
				ALWAYS_SEARCH_USER_PATHS = NO;
				CLANG_CXX_LANGUAGE_STANDARD = "gnu++0x";
				CLANG_CXX_LIBRARY = "libc++";
				CLANG_ENABLE_MODULES = YES;
				CLANG_ENABLE_OBJC_ARC = YES;
				CLANG_WARN_BOOL_CONVERSION = YES;
				CLANG_WARN_CONSTANT_CONVERSION = YES;
				CLANG_WARN_DIRECT_OBJC_ISA_USAGE = YES_ERROR;
				CLANG_WARN_EMPTY_BODY = YES;
				CLANG_WARN_ENUM_CONVERSION = YES;
				CLANG_WARN_INT_CONVERSION = YES;
				CLANG_WARN_OBJC_ROOT_CLASS = YES_ERROR;
				CLANG_WARN_UNREACHABLE_CODE = YES;
				CLANG_WARN__DUPLICATE_METHOD_MATCH = YES;
				COPY_PHASE_STRIP = NO;
				DEBUG_INFORMATION_FORMAT = "dwarf-with-dsym";
				ENABLE_NS_ASSERTIONS = NO;
				ENABLE_STRICT_OBJC_MSGSEND = YES;
				GCC_C_LANGUAGE_STANDARD = gnu99;
				GCC_NO_COMMON_BLOCKS = YES;
				GCC_WARN_64_TO_32_BIT_CONVERSION = YES;
				GCC_WARN_ABOUT_RETURN_TYPE = YES_ERROR;
				GCC_WARN_UNDECLARED_SELECTOR = YES;
				GCC_WARN_UNINITIALIZED_AUTOS = YES_AGGRESSIVE;
				GCC_WARN_UNUSED_FUNCTION = YES;
				GCC_WARN_UNUSED_VARIABLE = YES;
				MACOSX_DEPLOYMENT_TARGET = 10.10;
				MTL_ENABLE_DEBUG_INFO = NO;
				SDKROOT = macosx;
			};
			name = Release;
		};
		45F5F4681C0572FD002D26F7 /* Debug */ = {
			isa = XCBuildConfiguration;
			buildSettings = {
				PRODUCT_NAME = "$(TARGET_NAME)";
			};
			name = Debug;
		};
		45F5F4691C0572FD002D26F7 /* Release */ = {
			isa = XCBuildConfiguration;
			buildSettings = {
				PRODUCT_NAME = "$(TARGET_NAME)";
			};
			name = Release;
		};
/* End XCBuildConfiguration section */

/* Begin XCConfigurationList section */
		45F5F45B1C0572FD002D26F7 /* Build configuration list for PBXProject "Project 2" */ = {
			isa = XCConfigurationList;
			buildConfigurations = (
				45F5F4651C0572FD002D26F7 /* Debug */,
				45F5F4661C0572FD002D26F7 /* Release */,
			);
			defaultConfigurationIsVisible = 0;
			defaultConfigurationName = Release;
		};
		45F5F4671C0572FD002D26F7 /* Build configuration list for PBXNativeTarget "Project 2" */ = {
			isa = XCConfigurationList;
			buildConfigurations = (
				45F5F4681C0572FD002D26F7 /* Debug */,
				45F5F4691C0572FD002D26F7 /* Release */,
			);
			defaultConfigurationIsVisible = 0;
			defaultConfigurationName = Release;
		};
/* End XCConfigurationList section */
	};
	rootObject = 45F5F4581C0572FD002D26F7 /* Project object */;
}
